
Microsoft Visual Studio Solution File, Format Version 12.00
Project("{FAE04EC0-301F-11D3-BF4B-00C04F79EFBC}") = "HCrawler.DB", "HCrawler.DB\HCrawler.DB.csproj", "{6ECF2304-4966-42D6-BCF6-7E846D1F08FE}"
EndProject
Project("{F2A71F9B-5D33-465A-A702-920D77279786}") = "HCrawler.Test", "HCrawler.Test\HCrawler.Test.fsproj", "{313F9D16-AFA5-4F81-9B31-39AD884E6CA3}"
EndProject
Project("{F2A71F9B-5D33-465A-A702-920D77279786}") = "HCrawler.Core", "HCrawler.Core\HCrawler.Core.fsproj", "{1FA5E3BB-AEC7-460C-8893-9DC9692E3507}"
EndProject
Project("{F2A71F9B-5D33-465A-A702-920D77279786}") = "HCrawler.Api", "HCrawler.Api\HCrawler.Api.fsproj", "{086C199D-1192-4263-8C11-B00516227BE6}"
EndProject
Global
	GlobalSection(SolutionConfigurationPlatforms) = preSolution
		Debug|Any CPU = Debug|Any CPU
		Release|Any CPU = Release|Any CPU
	EndGlobalSection
	GlobalSection(ProjectConfigurationPlatforms) = postSolution
		{6ECF2304-4966-42D6-BCF6-7E846D1F08FE}.Debug|Any CPU.ActiveCfg = Debug|Any CPU
		{6ECF2304-4966-42D6-BCF6-7E846D1F08FE}.Debug|Any CPU.Build.0 = Debug|Any CPU
		{6ECF2304-4966-42D6-BCF6-7E846D1F08FE}.Release|Any CPU.ActiveCfg = Release|Any CPU
		{6ECF2304-4966-42D6-BCF6-7E846D1F08FE}.Release|Any CPU.Build.0 = Release|Any CPU
		{313F9D16-AFA5-4F81-9B31-39AD884E6CA3}.Debug|Any CPU.ActiveCfg = Debug|Any CPU
		{313F9D16-AFA5-4F81-9B31-39AD884E6CA3}.Debug|Any CPU.Build.0 = Debug|Any CPU
		{313F9D16-AFA5-4F81-9B31-39AD884E6CA3}.Release|Any CPU.ActiveCfg = Release|Any CPU
		{313F9D16-AFA5-4F81-9B31-39AD884E6CA3}.Release|Any CPU.Build.0 = Release|Any CPU
		{1FA5E3BB-AEC7-460C-8893-9DC9692E3507}.Debug|Any CPU.ActiveCfg = Debug|Any CPU
		{1FA5E3BB-AEC7-460C-8893-9DC9692E3507}.Debug|Any CPU.Build.0 = Debug|Any CPU
		{1FA5E3BB-AEC7-460C-8893-9DC9692E3507}.Release|Any CPU.ActiveCfg = Release|Any CPU
		{1FA5E3BB-AEC7-460C-8893-9DC9692E3507}.Release|Any CPU.Build.0 = Release|Any CPU
		{086C199D-1192-4263-8C11-B00516227BE6}.Debug|Any CPU.ActiveCfg = Debug|Any CPU
		{086C199D-1192-4263-8C11-B00516227BE6}.Debug|Any CPU.Build.0 = Debug|Any CPU
		{086C199D-1192-4263-8C11-B00516227BE6}.Release|Any CPU.ActiveCfg = Release|Any CPU
		{086C199D-1192-4263-8C11-B00516227BE6}.Release|Any CPU.Build.0 = Release|Any CPU
	EndGlobalSection
EndGlobal
