
Microsoft Visual Studio Solution File, Format Version 12.00
Project("{FAE04EC0-301F-11D3-BF4B-00C04F79EFBC}") = "HCrawler.Api", "HCrawler.Api\HCrawler.Api.csproj", "{CAEA08A4-27DF-4A96-8179-846FD5A7436B}"
EndProject
Project("{FAE04EC0-301F-11D3-BF4B-00C04F79EFBC}") = "HCrawler.Core", "HCrawler.Core\HCrawler.Core.csproj", "{30EF0216-9E16-45F1-A3A9-6F77EAD0DF46}"
EndProject
Project("{FAE04EC0-301F-11D3-BF4B-00C04F79EFBC}") = "HCrawler.Test", "HCrawler.Test\HCrawler.Test.csproj", "{03B73913-A35C-447A-A50C-568EC25B9CE1}"
EndProject
Project("{FAE04EC0-301F-11D3-BF4B-00C04F79EFBC}") = "HCrawler.DB", "HCrawler.DB\HCrawler.DB.csproj", "{6ECF2304-4966-42D6-BCF6-7E846D1F08FE}"
EndProject
Global
	GlobalSection(SolutionConfigurationPlatforms) = preSolution
		Debug|Any CPU = Debug|Any CPU
		Release|Any CPU = Release|Any CPU
	EndGlobalSection
	GlobalSection(ProjectConfigurationPlatforms) = postSolution
		{CAEA08A4-27DF-4A96-8179-846FD5A7436B}.Debug|Any CPU.ActiveCfg = Debug|Any CPU
		{CAEA08A4-27DF-4A96-8179-846FD5A7436B}.Debug|Any CPU.Build.0 = Debug|Any CPU
		{CAEA08A4-27DF-4A96-8179-846FD5A7436B}.Release|Any CPU.ActiveCfg = Release|Any CPU
		{CAEA08A4-27DF-4A96-8179-846FD5A7436B}.Release|Any CPU.Build.0 = Release|Any CPU
		{30EF0216-9E16-45F1-A3A9-6F77EAD0DF46}.Debug|Any CPU.ActiveCfg = Debug|Any CPU
		{30EF0216-9E16-45F1-A3A9-6F77EAD0DF46}.Debug|Any CPU.Build.0 = Debug|Any CPU
		{30EF0216-9E16-45F1-A3A9-6F77EAD0DF46}.Release|Any CPU.ActiveCfg = Release|Any CPU
		{30EF0216-9E16-45F1-A3A9-6F77EAD0DF46}.Release|Any CPU.Build.0 = Release|Any CPU
		{03B73913-A35C-447A-A50C-568EC25B9CE1}.Debug|Any CPU.ActiveCfg = Debug|Any CPU
		{03B73913-A35C-447A-A50C-568EC25B9CE1}.Debug|Any CPU.Build.0 = Debug|Any CPU
		{03B73913-A35C-447A-A50C-568EC25B9CE1}.Release|Any CPU.ActiveCfg = Release|Any CPU
		{03B73913-A35C-447A-A50C-568EC25B9CE1}.Release|Any CPU.Build.0 = Release|Any CPU
		{6ECF2304-4966-42D6-BCF6-7E846D1F08FE}.Debug|Any CPU.ActiveCfg = Debug|Any CPU
		{6ECF2304-4966-42D6-BCF6-7E846D1F08FE}.Debug|Any CPU.Build.0 = Debug|Any CPU
		{6ECF2304-4966-42D6-BCF6-7E846D1F08FE}.Release|Any CPU.ActiveCfg = Release|Any CPU
		{6ECF2304-4966-42D6-BCF6-7E846D1F08FE}.Release|Any CPU.Build.0 = Release|Any CPU
	EndGlobalSection
EndGlobal
